
Microsoft Visual Studio Solution File, Format Version 12.00
# Visual Studio 14
VisualStudioVersion = 14.0.25420.1
MinimumVisualStudioVersion = 10.0.40219.1
Project("{D954291E-2A0B-460D-934E-DC6B0785DB48}") = "HelloXamarinFormsSAP", "HelloXamarinFormsSAP\HelloXamarinFormsSAP\HelloXamarinFormsSAP.shproj", "{1CB3B93D-EAA5-45ED-9B96-6B52E68DA55A}"
EndProject
Project("{FAE04EC0-301F-11D3-BF4B-00C04F79EFBC}") = "HelloXamarinFormsSAP.Droid", "HelloXamarinFormsSAP\HelloXamarinFormsSAP.Droid\HelloXamarinFormsSAP.Droid.csproj", "{5CF557CC-508F-44CD-AB24-7EA2CCD26F12}"
EndProject
Project("{FAE04EC0-301F-11D3-BF4B-00C04F79EFBC}") = "HelloXamarinFormsSAP.iOS", "HelloXamarinFormsSAP\HelloXamarinFormsSAP.iOS\HelloXamarinFormsSAP.iOS.csproj", "{26C40373-4C67-43E5-922D-6E51195B5DDD}"
EndProject
Project("{FAE04EC0-301F-11D3-BF4B-00C04F79EFBC}") = "HelloXamarinFormsSAP.WinPhone", "HelloXamarinFormsSAP\HelloXamarinFormsSAP.WinPhone\HelloXamarinFormsSAP.WinPhone.csproj", "{FCABE05E-5E00-4510-9BFA-703A4A27F92D}"
EndProject
Project("{FAE04EC0-301F-11D3-BF4B-00C04F79EFBC}") = "HelloXamarinFormsSAP.UWP", "HelloXamarinFormsSAP\HelloXamarinFormsSAP.UWP\HelloXamarinFormsSAP.UWP.csproj", "{EF3EBCB6-9237-4091-B813-5896AC37761F}"
EndProject
Project("{FAE04EC0-301F-11D3-BF4B-00C04F79EFBC}") = "HelloXamarinFormsSAP.Windows", "HelloXamarinFormsSAP\HelloXamarinFormsSAP.Windows\HelloXamarinFormsSAP.Windows.csproj", "{4F5491AC-79BC-4A52-A173-659153D89E47}"
EndProject
Global
	GlobalSection(SharedMSBuildProjectFiles) = preSolution
		HelloXamarinFormsSAP\HelloXamarinFormsSAP\HelloXamarinFormsSAP.projitems*{1cb3b93d-eaa5-45ed-9b96-6b52e68da55a}*SharedItemsImports = 13
		HelloXamarinFormsSAP\HelloXamarinFormsSAP\HelloXamarinFormsSAP.projitems*{26c40373-4c67-43e5-922d-6e51195b5ddd}*SharedItemsImports = 4
		HelloXamarinFormsSAP\HelloXamarinFormsSAP\HelloXamarinFormsSAP.projitems*{5cf557cc-508f-44cd-ab24-7ea2ccd26f12}*SharedItemsImports = 4
	EndGlobalSection
	GlobalSection(SolutionConfigurationPlatforms) = preSolution
		Ad-Hoc|Any CPU = Ad-Hoc|Any CPU
		Ad-Hoc|ARM = Ad-Hoc|ARM
		Ad-Hoc|iPhone = Ad-Hoc|iPhone
		Ad-Hoc|iPhoneSimulator = Ad-Hoc|iPhoneSimulator
		Ad-Hoc|x64 = Ad-Hoc|x64
		Ad-Hoc|x86 = Ad-Hoc|x86
		AppStore|Any CPU = AppStore|Any CPU
		AppStore|ARM = AppStore|ARM
		AppStore|iPhone = AppStore|iPhone
		AppStore|iPhoneSimulator = AppStore|iPhoneSimulator
		AppStore|x64 = AppStore|x64
		AppStore|x86 = AppStore|x86
		Debug|Any CPU = Debug|Any CPU
		Debug|ARM = Debug|ARM
		Debug|iPhone = Debug|iPhone
		Debug|iPhoneSimulator = Debug|iPhoneSimulator
		Debug|x64 = Debug|x64
		Debug|x86 = Debug|x86
		Release|Any CPU = Release|Any CPU
		Release|ARM = Release|ARM
		Release|iPhone = Release|iPhone
		Release|iPhoneSimulator = Release|iPhoneSimulator
		Release|x64 = Release|x64
		Release|x86 = Release|x86
	EndGlobalSection
	GlobalSection(ProjectConfigurationPlatforms) = postSolution
		{5CF557CC-508F-44CD-AB24-7EA2CCD26F12}.Ad-Hoc|Any CPU.ActiveCfg = Release|Any CPU
		{5CF557CC-508F-44CD-AB24-7EA2CCD26F12}.Ad-Hoc|Any CPU.Build.0 = Release|Any CPU
		{5CF557CC-508F-44CD-AB24-7EA2CCD26F12}.Ad-Hoc|Any CPU.Deploy.0 = Release|Any CPU
		{5CF557CC-508F-44CD-AB24-7EA2CCD26F12}.Ad-Hoc|ARM.ActiveCfg = Release|Any CPU
		{5CF557CC-508F-44CD-AB24-7EA2CCD26F12}.Ad-Hoc|ARM.Build.0 = Release|Any CPU
		{5CF557CC-508F-44CD-AB24-7EA2CCD26F12}.Ad-Hoc|ARM.Deploy.0 = Release|Any CPU
		{5CF557CC-508F-44CD-AB24-7EA2CCD26F12}.Ad-Hoc|iPhone.ActiveCfg = Release|Any CPU
		{5CF557CC-508F-44CD-AB24-7EA2CCD26F12}.Ad-Hoc|iPhone.Build.0 = Release|Any CPU
		{5CF557CC-508F-44CD-AB24-7EA2CCD26F12}.Ad-Hoc|iPhone.Deploy.0 = Release|Any CPU
		{5CF557CC-508F-44CD-AB24-7EA2CCD26F12}.Ad-Hoc|iPhoneSimulator.ActiveCfg = Release|Any CPU
		{5CF557CC-508F-44CD-AB24-7EA2CCD26F12}.Ad-Hoc|iPhoneSimulator.Build.0 = Release|Any CPU
		{5CF557CC-508F-44CD-AB24-7EA2CCD26F12}.Ad-Hoc|iPhoneSimulator.Deploy.0 = Release|Any CPU
		{5CF557CC-508F-44CD-AB24-7EA2CCD26F12}.Ad-Hoc|x64.ActiveCfg = Release|Any CPU
		{5CF557CC-508F-44CD-AB24-7EA2CCD26F12}.Ad-Hoc|x64.Build.0 = Release|Any CPU
		{5CF557CC-508F-44CD-AB24-7EA2CCD26F12}.Ad-Hoc|x64.Deploy.0 = Release|Any CPU
		{5CF557CC-508F-44CD-AB24-7EA2CCD26F12}.Ad-Hoc|x86.ActiveCfg = Release|Any CPU
		{5CF557CC-508F-44CD-AB24-7EA2CCD26F12}.Ad-Hoc|x86.Build.0 = Release|Any CPU
		{5CF557CC-508F-44CD-AB24-7EA2CCD26F12}.Ad-Hoc|x86.Deploy.0 = Release|Any CPU
		{5CF557CC-508F-44CD-AB24-7EA2CCD26F12}.AppStore|Any CPU.ActiveCfg = Release|Any CPU
		{5CF557CC-508F-44CD-AB24-7EA2CCD26F12}.AppStore|Any CPU.Build.0 = Release|Any CPU
		{5CF557CC-508F-44CD-AB24-7EA2CCD26F12}.AppStore|Any CPU.Deploy.0 = Release|Any CPU
		{5CF557CC-508F-44CD-AB24-7EA2CCD26F12}.AppStore|ARM.ActiveCfg = Release|Any CPU
		{5CF557CC-508F-44CD-AB24-7EA2CCD26F12}.AppStore|ARM.Build.0 = Release|Any CPU
		{5CF557CC-508F-44CD-AB24-7EA2CCD26F12}.AppStore|ARM.Deploy.0 = Release|Any CPU
		{5CF557CC-508F-44CD-AB24-7EA2CCD26F12}.AppStore|iPhone.ActiveCfg = Release|Any CPU
		{5CF557CC-508F-44CD-AB24-7EA2CCD26F12}.AppStore|iPhone.Build.0 = Release|Any CPU
		{5CF557CC-508F-44CD-AB24-7EA2CCD26F12}.AppStore|iPhone.Deploy.0 = Release|Any CPU
		{5CF557CC-508F-44CD-AB24-7EA2CCD26F12}.AppStore|iPhoneSimulator.ActiveCfg = Release|Any CPU
		{5CF557CC-508F-44CD-AB24-7EA2CCD26F12}.AppStore|iPhoneSimulator.Build.0 = Release|Any CPU
		{5CF557CC-508F-44CD-AB24-7EA2CCD26F12}.AppStore|iPhoneSimulator.Deploy.0 = Release|Any CPU
		{5CF557CC-508F-44CD-AB24-7EA2CCD26F12}.AppStore|x64.ActiveCfg = Release|Any CPU
		{5CF557CC-508F-44CD-AB24-7EA2CCD26F12}.AppStore|x64.Build.0 = Release|Any CPU
		{5CF557CC-508F-44CD-AB24-7EA2CCD26F12}.AppStore|x64.Deploy.0 = Release|Any CPU
		{5CF557CC-508F-44CD-AB24-7EA2CCD26F12}.AppStore|x86.ActiveCfg = Release|Any CPU
		{5CF557CC-508F-44CD-AB24-7EA2CCD26F12}.AppStore|x86.Build.0 = Release|Any CPU
		{5CF557CC-508F-44CD-AB24-7EA2CCD26F12}.AppStore|x86.Deploy.0 = Release|Any CPU
		{5CF557CC-508F-44CD-AB24-7EA2CCD26F12}.Debug|Any CPU.ActiveCfg = Debug|Any CPU
		{5CF557CC-508F-44CD-AB24-7EA2CCD26F12}.Debug|Any CPU.Build.0 = Debug|Any CPU
		{5CF557CC-508F-44CD-AB24-7EA2CCD26F12}.Debug|Any CPU.Deploy.0 = Debug|Any CPU
		{5CF557CC-508F-44CD-AB24-7EA2CCD26F12}.Debug|ARM.ActiveCfg = Debug|Any CPU
		{5CF557CC-508F-44CD-AB24-7EA2CCD26F12}.Debug|ARM.Build.0 = Debug|Any CPU
		{5CF557CC-508F-44CD-AB24-7EA2CCD26F12}.Debug|ARM.Deploy.0 = Debug|Any CPU
		{5CF557CC-508F-44CD-AB24-7EA2CCD26F12}.Debug|iPhone.ActiveCfg = Debug|Any CPU
		{5CF557CC-508F-44CD-AB24-7EA2CCD26F12}.Debug|iPhone.Build.0 = Debug|Any CPU
		{5CF557CC-508F-44CD-AB24-7EA2CCD26F12}.Debug|iPhone.Deploy.0 = Debug|Any CPU
		{5CF557CC-508F-44CD-AB24-7EA2CCD26F12}.Debug|iPhoneSimulator.ActiveCfg = Debug|Any CPU
		{5CF557CC-508F-44CD-AB24-7EA2CCD26F12}.Debug|iPhoneSimulator.Build.0 = Debug|Any CPU
		{5CF557CC-508F-44CD-AB24-7EA2CCD26F12}.Debug|iPhoneSimulator.Deploy.0 = Debug|Any CPU
		{5CF557CC-508F-44CD-AB24-7EA2CCD26F12}.Debug|x64.ActiveCfg = Debug|Any CPU
		{5CF557CC-508F-44CD-AB24-7EA2CCD26F12}.Debug|x64.Build.0 = Debug|Any CPU
		{5CF557CC-508F-44CD-AB24-7EA2CCD26F12}.Debug|x64.Deploy.0 = Debug|Any CPU
		{5CF557CC-508F-44CD-AB24-7EA2CCD26F12}.Debug|x86.ActiveCfg = Debug|Any CPU
		{5CF557CC-508F-44CD-AB24-7EA2CCD26F12}.Debug|x86.Build.0 = Debug|Any CPU
		{5CF557CC-508F-44CD-AB24-7EA2CCD26F12}.Debug|x86.Deploy.0 = Debug|Any CPU
		{5CF557CC-508F-44CD-AB24-7EA2CCD26F12}.Release|Any CPU.ActiveCfg = Release|Any CPU
		{5CF557CC-508F-44CD-AB24-7EA2CCD26F12}.Release|Any CPU.Build.0 = Release|Any CPU
		{5CF557CC-508F-44CD-AB24-7EA2CCD26F12}.Release|Any CPU.Deploy.0 = Release|Any CPU
		{5CF557CC-508F-44CD-AB24-7EA2CCD26F12}.Release|ARM.ActiveCfg = Release|Any CPU
		{5CF557CC-508F-44CD-AB24-7EA2CCD26F12}.Release|ARM.Build.0 = Release|Any CPU
		{5CF557CC-508F-44CD-AB24-7EA2CCD26F12}.Release|ARM.Deploy.0 = Release|Any CPU
		{5CF557CC-508F-44CD-AB24-7EA2CCD26F12}.Release|iPhone.ActiveCfg = Release|Any CPU
		{5CF557CC-508F-44CD-AB24-7EA2CCD26F12}.Release|iPhone.Build.0 = Release|Any CPU
		{5CF557CC-508F-44CD-AB24-7EA2CCD26F12}.Release|iPhone.Deploy.0 = Release|Any CPU
		{5CF557CC-508F-44CD-AB24-7EA2CCD26F12}.Release|iPhoneSimulator.ActiveCfg = Release|Any CPU
		{5CF557CC-508F-44CD-AB24-7EA2CCD26F12}.Release|iPhoneSimulator.Build.0 = Release|Any CPU
		{5CF557CC-508F-44CD-AB24-7EA2CCD26F12}.Release|iPhoneSimulator.Deploy.0 = Release|Any CPU
		{5CF557CC-508F-44CD-AB24-7EA2CCD26F12}.Release|x64.ActiveCfg = Release|Any CPU
		{5CF557CC-508F-44CD-AB24-7EA2CCD26F12}.Release|x64.Build.0 = Release|Any CPU
		{5CF557CC-508F-44CD-AB24-7EA2CCD26F12}.Release|x64.Deploy.0 = Release|Any CPU
		{5CF557CC-508F-44CD-AB24-7EA2CCD26F12}.Release|x86.ActiveCfg = Release|Any CPU
		{5CF557CC-508F-44CD-AB24-7EA2CCD26F12}.Release|x86.Build.0 = Release|Any CPU
		{5CF557CC-508F-44CD-AB24-7EA2CCD26F12}.Release|x86.Deploy.0 = Release|Any CPU
		{26C40373-4C67-43E5-922D-6E51195B5DDD}.Ad-Hoc|Any CPU.ActiveCfg = Ad-Hoc|iPhone
		{26C40373-4C67-43E5-922D-6E51195B5DDD}.Ad-Hoc|ARM.ActiveCfg = Ad-Hoc|iPhone
		{26C40373-4C67-43E5-922D-6E51195B5DDD}.Ad-Hoc|iPhone.ActiveCfg = Ad-Hoc|iPhone
		{26C40373-4C67-43E5-922D-6E51195B5DDD}.Ad-Hoc|iPhone.Build.0 = Ad-Hoc|iPhone
		{26C40373-4C67-43E5-922D-6E51195B5DDD}.Ad-Hoc|iPhoneSimulator.ActiveCfg = Ad-Hoc|iPhoneSimulator
		{26C40373-4C67-43E5-922D-6E51195B5DDD}.Ad-Hoc|iPhoneSimulator.Build.0 = Ad-Hoc|iPhoneSimulator
		{26C40373-4C67-43E5-922D-6E51195B5DDD}.Ad-Hoc|x64.ActiveCfg = Ad-Hoc|iPhone
		{26C40373-4C67-43E5-922D-6E51195B5DDD}.Ad-Hoc|x86.ActiveCfg = Ad-Hoc|iPhone
		{26C40373-4C67-43E5-922D-6E51195B5DDD}.AppStore|Any CPU.ActiveCfg = AppStore|iPhone
		{26C40373-4C67-43E5-922D-6E51195B5DDD}.AppStore|ARM.ActiveCfg = AppStore|iPhone
		{26C40373-4C67-43E5-922D-6E51195B5DDD}.AppStore|iPhone.ActiveCfg = AppStore|iPhone
		{26C40373-4C67-43E5-922D-6E51195B5DDD}.AppStore|iPhone.Build.0 = AppStore|iPhone
		{26C40373-4C67-43E5-922D-6E51195B5DDD}.AppStore|iPhoneSimulator.ActiveCfg = AppStore|iPhoneSimulator
		{26C40373-4C67-43E5-922D-6E51195B5DDD}.AppStore|iPhoneSimulator.Build.0 = AppStore|iPhoneSimulator
		{26C40373-4C67-43E5-922D-6E51195B5DDD}.AppStore|x64.ActiveCfg = AppStore|iPhone
		{26C40373-4C67-43E5-922D-6E51195B5DDD}.AppStore|x86.ActiveCfg = AppStore|iPhone
		{26C40373-4C67-43E5-922D-6E51195B5DDD}.Debug|Any CPU.ActiveCfg = Debug|iPhone
		{26C40373-4C67-43E5-922D-6E51195B5DDD}.Debug|ARM.ActiveCfg = Debug|iPhone
		{26C40373-4C67-43E5-922D-6E51195B5DDD}.Debug|iPhone.ActiveCfg = Debug|iPhone
		{26C40373-4C67-43E5-922D-6E51195B5DDD}.Debug|iPhone.Build.0 = Debug|iPhone
		{26C40373-4C67-43E5-922D-6E51195B5DDD}.Debug|iPhoneSimulator.ActiveCfg = Debug|iPhoneSimulator
		{26C40373-4C67-43E5-922D-6E51195B5DDD}.Debug|iPhoneSimulator.Build.0 = Debug|iPhoneSimulator
		{26C40373-4C67-43E5-922D-6E51195B5DDD}.Debug|x64.ActiveCfg = Debug|iPhone
		{26C40373-4C67-43E5-922D-6E51195B5DDD}.Debug|x86.ActiveCfg = Debug|iPhone
		{26C40373-4C67-43E5-922D-6E51195B5DDD}.Release|Any CPU.ActiveCfg = Release|iPhone
		{26C40373-4C67-43E5-922D-6E51195B5DDD}.Release|ARM.ActiveCfg = Release|iPhone
		{26C40373-4C67-43E5-922D-6E51195B5DDD}.Release|iPhone.ActiveCfg = Release|iPhone
		{26C40373-4C67-43E5-922D-6E51195B5DDD}.Release|iPhone.Build.0 = Release|iPhone
		{26C40373-4C67-43E5-922D-6E51195B5DDD}.Release|iPhoneSimulator.ActiveCfg = Release|iPhoneSimulator
		{26C40373-4C67-43E5-922D-6E51195B5DDD}.Release|iPhoneSimulator.Build.0 = Release|iPhoneSimulator
		{26C40373-4C67-43E5-922D-6E51195B5DDD}.Release|x64.ActiveCfg = Release|iPhone
		{26C40373-4C67-43E5-922D-6E51195B5DDD}.Release|x86.ActiveCfg = Release|iPhone
		{FCABE05E-5E00-4510-9BFA-703A4A27F92D}.Ad-Hoc|Any CPU.ActiveCfg = Release|Any CPU
		{FCABE05E-5E00-4510-9BFA-703A4A27F92D}.Ad-Hoc|Any CPU.Build.0 = Release|Any CPU
		{FCABE05E-5E00-4510-9BFA-703A4A27F92D}.Ad-Hoc|Any CPU.Deploy.0 = Release|Any CPU
		{FCABE05E-5E00-4510-9BFA-703A4A27F92D}.Ad-Hoc|ARM.ActiveCfg = Release|ARM
		{FCABE05E-5E00-4510-9BFA-703A4A27F92D}.Ad-Hoc|ARM.Build.0 = Release|ARM
		{FCABE05E-5E00-4510-9BFA-703A4A27F92D}.Ad-Hoc|ARM.Deploy.0 = Release|ARM
		{FCABE05E-5E00-4510-9BFA-703A4A27F92D}.Ad-Hoc|iPhone.ActiveCfg = Release|Any CPU
		{FCABE05E-5E00-4510-9BFA-703A4A27F92D}.Ad-Hoc|iPhone.Build.0 = Release|Any CPU
		{FCABE05E-5E00-4510-9BFA-703A4A27F92D}.Ad-Hoc|iPhone.Deploy.0 = Release|Any CPU
		{FCABE05E-5E00-4510-9BFA-703A4A27F92D}.Ad-Hoc|iPhoneSimulator.ActiveCfg = Release|Any CPU
		{FCABE05E-5E00-4510-9BFA-703A4A27F92D}.Ad-Hoc|iPhoneSimulator.Build.0 = Release|Any CPU
		{FCABE05E-5E00-4510-9BFA-703A4A27F92D}.Ad-Hoc|iPhoneSimulator.Deploy.0 = Release|Any CPU
		{FCABE05E-5E00-4510-9BFA-703A4A27F92D}.Ad-Hoc|x64.ActiveCfg = Release|Any CPU
		{FCABE05E-5E00-4510-9BFA-703A4A27F92D}.Ad-Hoc|x64.Build.0 = Release|Any CPU
		{FCABE05E-5E00-4510-9BFA-703A4A27F92D}.Ad-Hoc|x64.Deploy.0 = Release|Any CPU
		{FCABE05E-5E00-4510-9BFA-703A4A27F92D}.Ad-Hoc|x86.ActiveCfg = Release|x86
		{FCABE05E-5E00-4510-9BFA-703A4A27F92D}.Ad-Hoc|x86.Build.0 = Release|x86
		{FCABE05E-5E00-4510-9BFA-703A4A27F92D}.Ad-Hoc|x86.Deploy.0 = Release|x86
		{FCABE05E-5E00-4510-9BFA-703A4A27F92D}.AppStore|Any CPU.ActiveCfg = Release|Any CPU
		{FCABE05E-5E00-4510-9BFA-703A4A27F92D}.AppStore|Any CPU.Build.0 = Release|Any CPU
		{FCABE05E-5E00-4510-9BFA-703A4A27F92D}.AppStore|Any CPU.Deploy.0 = Release|Any CPU
		{FCABE05E-5E00-4510-9BFA-703A4A27F92D}.AppStore|ARM.ActiveCfg = Release|ARM
		{FCABE05E-5E00-4510-9BFA-703A4A27F92D}.AppStore|ARM.Build.0 = Release|ARM
		{FCABE05E-5E00-4510-9BFA-703A4A27F92D}.AppStore|ARM.Deploy.0 = Release|ARM
		{FCABE05E-5E00-4510-9BFA-703A4A27F92D}.AppStore|iPhone.ActiveCfg = Release|Any CPU
		{FCABE05E-5E00-4510-9BFA-703A4A27F92D}.AppStore|iPhone.Build.0 = Release|Any CPU
		{FCABE05E-5E00-4510-9BFA-703A4A27F92D}.AppStore|iPhone.Deploy.0 = Release|Any CPU
		{FCABE05E-5E00-4510-9BFA-703A4A27F92D}.AppStore|iPhoneSimulator.ActiveCfg = Release|Any CPU
		{FCABE05E-5E00-4510-9BFA-703A4A27F92D}.AppStore|iPhoneSimulator.Build.0 = Release|Any CPU
		{FCABE05E-5E00-4510-9BFA-703A4A27F92D}.AppStore|iPhoneSimulator.Deploy.0 = Release|Any CPU
		{FCABE05E-5E00-4510-9BFA-703A4A27F92D}.AppStore|x64.ActiveCfg = Release|Any CPU
		{FCABE05E-5E00-4510-9BFA-703A4A27F92D}.AppStore|x64.Build.0 = Release|Any CPU
		{FCABE05E-5E00-4510-9BFA-703A4A27F92D}.AppStore|x64.Deploy.0 = Release|Any CPU
		{FCABE05E-5E00-4510-9BFA-703A4A27F92D}.AppStore|x86.ActiveCfg = Release|x86
		{FCABE05E-5E00-4510-9BFA-703A4A27F92D}.AppStore|x86.Build.0 = Release|x86
		{FCABE05E-5E00-4510-9BFA-703A4A27F92D}.AppStore|x86.Deploy.0 = Release|x86
		{FCABE05E-5E00-4510-9BFA-703A4A27F92D}.Debug|Any CPU.ActiveCfg = Debug|Any CPU
		{FCABE05E-5E00-4510-9BFA-703A4A27F92D}.Debug|Any CPU.Build.0 = Debug|Any CPU
		{FCABE05E-5E00-4510-9BFA-703A4A27F92D}.Debug|Any CPU.Deploy.0 = Debug|Any CPU
		{FCABE05E-5E00-4510-9BFA-703A4A27F92D}.Debug|ARM.ActiveCfg = Debug|ARM
		{FCABE05E-5E00-4510-9BFA-703A4A27F92D}.Debug|ARM.Build.0 = Debug|ARM
		{FCABE05E-5E00-4510-9BFA-703A4A27F92D}.Debug|ARM.Deploy.0 = Debug|ARM
		{FCABE05E-5E00-4510-9BFA-703A4A27F92D}.Debug|iPhone.ActiveCfg = Debug|Any CPU
		{FCABE05E-5E00-4510-9BFA-703A4A27F92D}.Debug|iPhone.Build.0 = Debug|Any CPU
		{FCABE05E-5E00-4510-9BFA-703A4A27F92D}.Debug|iPhone.Deploy.0 = Debug|Any CPU
		{FCABE05E-5E00-4510-9BFA-703A4A27F92D}.Debug|iPhoneSimulator.ActiveCfg = Debug|Any CPU
		{FCABE05E-5E00-4510-9BFA-703A4A27F92D}.Debug|iPhoneSimulator.Build.0 = Debug|Any CPU
		{FCABE05E-5E00-4510-9BFA-703A4A27F92D}.Debug|iPhoneSimulator.Deploy.0 = Debug|Any CPU
		{FCABE05E-5E00-4510-9BFA-703A4A27F92D}.Debug|x64.ActiveCfg = Debug|Any CPU
		{FCABE05E-5E00-4510-9BFA-703A4A27F92D}.Debug|x64.Build.0 = Debug|Any CPU
		{FCABE05E-5E00-4510-9BFA-703A4A27F92D}.Debug|x64.Deploy.0 = Debug|Any CPU
		{FCABE05E-5E00-4510-9BFA-703A4A27F92D}.Debug|x86.ActiveCfg = Debug|x86
		{FCABE05E-5E00-4510-9BFA-703A4A27F92D}.Debug|x86.Build.0 = Debug|x86
		{FCABE05E-5E00-4510-9BFA-703A4A27F92D}.Debug|x86.Deploy.0 = Debug|x86
		{FCABE05E-5E00-4510-9BFA-703A4A27F92D}.Release|Any CPU.ActiveCfg = Release|Any CPU
		{FCABE05E-5E00-4510-9BFA-703A4A27F92D}.Release|Any CPU.Build.0 = Release|Any CPU
		{FCABE05E-5E00-4510-9BFA-703A4A27F92D}.Release|Any CPU.Deploy.0 = Release|Any CPU
		{FCABE05E-5E00-4510-9BFA-703A4A27F92D}.Release|ARM.ActiveCfg = Release|ARM
		{FCABE05E-5E00-4510-9BFA-703A4A27F92D}.Release|ARM.Build.0 = Release|ARM
		{FCABE05E-5E00-4510-9BFA-703A4A27F92D}.Release|ARM.Deploy.0 = Release|ARM
		{FCABE05E-5E00-4510-9BFA-703A4A27F92D}.Release|iPhone.ActiveCfg = Release|Any CPU
		{FCABE05E-5E00-4510-9BFA-703A4A27F92D}.Release|iPhone.Build.0 = Release|Any CPU
		{FCABE05E-5E00-4510-9BFA-703A4A27F92D}.Release|iPhone.Deploy.0 = Release|Any CPU
		{FCABE05E-5E00-4510-9BFA-703A4A27F92D}.Release|iPhoneSimulator.ActiveCfg = Release|Any CPU
		{FCABE05E-5E00-4510-9BFA-703A4A27F92D}.Release|iPhoneSimulator.Build.0 = Release|Any CPU
		{FCABE05E-5E00-4510-9BFA-703A4A27F92D}.Release|iPhoneSimulator.Deploy.0 = Release|Any CPU
		{FCABE05E-5E00-4510-9BFA-703A4A27F92D}.Release|x64.ActiveCfg = Release|Any CPU
		{FCABE05E-5E00-4510-9BFA-703A4A27F92D}.Release|x64.Build.0 = Release|Any CPU
		{FCABE05E-5E00-4510-9BFA-703A4A27F92D}.Release|x64.Deploy.0 = Release|Any CPU
		{FCABE05E-5E00-4510-9BFA-703A4A27F92D}.Release|x86.ActiveCfg = Release|x86
		{FCABE05E-5E00-4510-9BFA-703A4A27F92D}.Release|x86.Build.0 = Release|x86
		{FCABE05E-5E00-4510-9BFA-703A4A27F92D}.Release|x86.Deploy.0 = Release|x86
		{EF3EBCB6-9237-4091-B813-5896AC37761F}.Ad-Hoc|Any CPU.ActiveCfg = Release|x86
		{EF3EBCB6-9237-4091-B813-5896AC37761F}.Ad-Hoc|Any CPU.Build.0 = Release|x86
		{EF3EBCB6-9237-4091-B813-5896AC37761F}.Ad-Hoc|Any CPU.Deploy.0 = Release|x86
		{EF3EBCB6-9237-4091-B813-5896AC37761F}.Ad-Hoc|ARM.ActiveCfg = Release|ARM
		{EF3EBCB6-9237-4091-B813-5896AC37761F}.Ad-Hoc|ARM.Build.0 = Release|ARM
		{EF3EBCB6-9237-4091-B813-5896AC37761F}.Ad-Hoc|ARM.Deploy.0 = Release|ARM
		{EF3EBCB6-9237-4091-B813-5896AC37761F}.Ad-Hoc|iPhone.ActiveCfg = Release|x86
		{EF3EBCB6-9237-4091-B813-5896AC37761F}.Ad-Hoc|iPhone.Build.0 = Release|x86
		{EF3EBCB6-9237-4091-B813-5896AC37761F}.Ad-Hoc|iPhone.Deploy.0 = Release|x86
		{EF3EBCB6-9237-4091-B813-5896AC37761F}.Ad-Hoc|iPhoneSimulator.ActiveCfg = Release|x86
		{EF3EBCB6-9237-4091-B813-5896AC37761F}.Ad-Hoc|iPhoneSimulator.Build.0 = Release|x86
		{EF3EBCB6-9237-4091-B813-5896AC37761F}.Ad-Hoc|iPhoneSimulator.Deploy.0 = Release|x86
		{EF3EBCB6-9237-4091-B813-5896AC37761F}.Ad-Hoc|x64.ActiveCfg = Release|x64
		{EF3EBCB6-9237-4091-B813-5896AC37761F}.Ad-Hoc|x64.Build.0 = Release|x64
		{EF3EBCB6-9237-4091-B813-5896AC37761F}.Ad-Hoc|x64.Deploy.0 = Release|x64
		{EF3EBCB6-9237-4091-B813-5896AC37761F}.Ad-Hoc|x86.ActiveCfg = Release|x86
		{EF3EBCB6-9237-4091-B813-5896AC37761F}.Ad-Hoc|x86.Build.0 = Release|x86
		{EF3EBCB6-9237-4091-B813-5896AC37761F}.Ad-Hoc|x86.Deploy.0 = Release|x86
		{EF3EBCB6-9237-4091-B813-5896AC37761F}.AppStore|Any CPU.ActiveCfg = Release|x86
		{EF3EBCB6-9237-4091-B813-5896AC37761F}.AppStore|Any CPU.Build.0 = Release|x86
		{EF3EBCB6-9237-4091-B813-5896AC37761F}.AppStore|Any CPU.Deploy.0 = Release|x86
		{EF3EBCB6-9237-4091-B813-5896AC37761F}.AppStore|ARM.ActiveCfg = Release|ARM
		{EF3EBCB6-9237-4091-B813-5896AC37761F}.AppStore|ARM.Build.0 = Release|ARM
		{EF3EBCB6-9237-4091-B813-5896AC37761F}.AppStore|ARM.Deploy.0 = Release|ARM
		{EF3EBCB6-9237-4091-B813-5896AC37761F}.AppStore|iPhone.ActiveCfg = Release|x86
		{EF3EBCB6-9237-4091-B813-5896AC37761F}.AppStore|iPhone.Build.0 = Release|x86
		{EF3EBCB6-9237-4091-B813-5896AC37761F}.AppStore|iPhone.Deploy.0 = Release|x86
		{EF3EBCB6-9237-4091-B813-5896AC37761F}.AppStore|iPhoneSimulator.ActiveCfg = Release|x86
		{EF3EBCB6-9237-4091-B813-5896AC37761F}.AppStore|iPhoneSimulator.Build.0 = Release|x86
		{EF3EBCB6-9237-4091-B813-5896AC37761F}.AppStore|iPhoneSimulator.Deploy.0 = Release|x86
		{EF3EBCB6-9237-4091-B813-5896AC37761F}.AppStore|x64.ActiveCfg = Release|x64
		{EF3EBCB6-9237-4091-B813-5896AC37761F}.AppStore|x64.Build.0 = Release|x64
		{EF3EBCB6-9237-4091-B813-5896AC37761F}.AppStore|x64.Deploy.0 = Release|x64
		{EF3EBCB6-9237-4091-B813-5896AC37761F}.AppStore|x86.ActiveCfg = Release|x86
		{EF3EBCB6-9237-4091-B813-5896AC37761F}.AppStore|x86.Build.0 = Release|x86
		{EF3EBCB6-9237-4091-B813-5896AC37761F}.AppStore|x86.Deploy.0 = Release|x86
		{EF3EBCB6-9237-4091-B813-5896AC37761F}.Debug|Any CPU.ActiveCfg = Debug|x86
		{EF3EBCB6-9237-4091-B813-5896AC37761F}.Debug|ARM.ActiveCfg = Debug|ARM
		{EF3EBCB6-9237-4091-B813-5896AC37761F}.Debug|ARM.Build.0 = Debug|ARM
		{EF3EBCB6-9237-4091-B813-5896AC37761F}.Debug|ARM.Deploy.0 = Debug|ARM
		{EF3EBCB6-9237-4091-B813-5896AC37761F}.Debug|iPhone.ActiveCfg = Debug|x86
		{EF3EBCB6-9237-4091-B813-5896AC37761F}.Debug|iPhoneSimulator.ActiveCfg = Debug|x86
		{EF3EBCB6-9237-4091-B813-5896AC37761F}.Debug|x64.ActiveCfg = Debug|x64
		{EF3EBCB6-9237-4091-B813-5896AC37761F}.Debug|x64.Build.0 = Debug|x64
		{EF3EBCB6-9237-4091-B813-5896AC37761F}.Debug|x64.Deploy.0 = Debug|x64
		{EF3EBCB6-9237-4091-B813-5896AC37761F}.Debug|x86.ActiveCfg = Debug|x86
		{EF3EBCB6-9237-4091-B813-5896AC37761F}.Debug|x86.Build.0 = Debug|x86
		{EF3EBCB6-9237-4091-B813-5896AC37761F}.Debug|x86.Deploy.0 = Debug|x86
		{EF3EBCB6-9237-4091-B813-5896AC37761F}.Release|Any CPU.ActiveCfg = Release|x86
		{EF3EBCB6-9237-4091-B813-5896AC37761F}.Release|ARM.ActiveCfg = Release|ARM
		{EF3EBCB6-9237-4091-B813-5896AC37761F}.Release|ARM.Build.0 = Release|ARM
		{EF3EBCB6-9237-4091-B813-5896AC37761F}.Release|ARM.Deploy.0 = Release|ARM
		{EF3EBCB6-9237-4091-B813-5896AC37761F}.Release|iPhone.ActiveCfg = Release|x86
		{EF3EBCB6-9237-4091-B813-5896AC37761F}.Release|iPhoneSimulator.ActiveCfg = Release|x86
		{EF3EBCB6-9237-4091-B813-5896AC37761F}.Release|x64.ActiveCfg = Release|x64
		{EF3EBCB6-9237-4091-B813-5896AC37761F}.Release|x64.Build.0 = Release|x64
		{EF3EBCB6-9237-4091-B813-5896AC37761F}.Release|x64.Deploy.0 = Release|x64
		{EF3EBCB6-9237-4091-B813-5896AC37761F}.Release|x86.ActiveCfg = Release|x86
		{EF3EBCB6-9237-4091-B813-5896AC37761F}.Release|x86.Build.0 = Release|x86
		{EF3EBCB6-9237-4091-B813-5896AC37761F}.Release|x86.Deploy.0 = Release|x86
		{4F5491AC-79BC-4A52-A173-659153D89E47}.Ad-Hoc|Any CPU.ActiveCfg = Release|Any CPU
		{4F5491AC-79BC-4A52-A173-659153D89E47}.Ad-Hoc|Any CPU.Build.0 = Release|Any CPU
		{4F5491AC-79BC-4A52-A173-659153D89E47}.Ad-Hoc|Any CPU.Deploy.0 = Release|Any CPU
		{4F5491AC-79BC-4A52-A173-659153D89E47}.Ad-Hoc|ARM.ActiveCfg = Release|ARM
		{4F5491AC-79BC-4A52-A173-659153D89E47}.Ad-Hoc|ARM.Build.0 = Release|ARM
		{4F5491AC-79BC-4A52-A173-659153D89E47}.Ad-Hoc|ARM.Deploy.0 = Release|ARM
		{4F5491AC-79BC-4A52-A173-659153D89E47}.Ad-Hoc|iPhone.ActiveCfg = Release|Any CPU
		{4F5491AC-79BC-4A52-A173-659153D89E47}.Ad-Hoc|iPhone.Build.0 = Release|Any CPU
		{4F5491AC-79BC-4A52-A173-659153D89E47}.Ad-Hoc|iPhone.Deploy.0 = Release|Any CPU
		{4F5491AC-79BC-4A52-A173-659153D89E47}.Ad-Hoc|iPhoneSimulator.ActiveCfg = Release|Any CPU
		{4F5491AC-79BC-4A52-A173-659153D89E47}.Ad-Hoc|iPhoneSimulator.Build.0 = Release|Any CPU
		{4F5491AC-79BC-4A52-A173-659153D89E47}.Ad-Hoc|iPhoneSimulator.Deploy.0 = Release|Any CPU
		{4F5491AC-79BC-4A52-A173-659153D89E47}.Ad-Hoc|x64.ActiveCfg = Release|x64
		{4F5491AC-79BC-4A52-A173-659153D89E47}.Ad-Hoc|x64.Build.0 = Release|x64
		{4F5491AC-79BC-4A52-A173-659153D89E47}.Ad-Hoc|x64.Deploy.0 = Release|x64
		{4F5491AC-79BC-4A52-A173-659153D89E47}.Ad-Hoc|x86.ActiveCfg = Release|x86
		{4F5491AC-79BC-4A52-A173-659153D89E47}.Ad-Hoc|x86.Build.0 = Release|x86
		{4F5491AC-79BC-4A52-A173-659153D89E47}.Ad-Hoc|x86.Deploy.0 = Release|x86
		{4F5491AC-79BC-4A52-A173-659153D89E47}.AppStore|Any CPU.ActiveCfg = Release|Any CPU
		{4F5491AC-79BC-4A52-A173-659153D89E47}.AppStore|Any CPU.Build.0 = Release|Any CPU
		{4F5491AC-79BC-4A52-A173-659153D89E47}.AppStore|Any CPU.Deploy.0 = Release|Any CPU
		{4F5491AC-79BC-4A52-A173-659153D89E47}.AppStore|ARM.ActiveCfg = Release|ARM
		{4F5491AC-79BC-4A52-A173-659153D89E47}.AppStore|ARM.Build.0 = Release|ARM
		{4F5491AC-79BC-4A52-A173-659153D89E47}.AppStore|ARM.Deploy.0 = Release|ARM
		{4F5491AC-79BC-4A52-A173-659153D89E47}.AppStore|iPhone.ActiveCfg = Release|Any CPU
		{4F5491AC-79BC-4A52-A173-659153D89E47}.AppStore|iPhone.Build.0 = Release|Any CPU
		{4F5491AC-79BC-4A52-A173-659153D89E47}.AppStore|iPhone.Deploy.0 = Release|Any CPU
		{4F5491AC-79BC-4A52-A173-659153D89E47}.AppStore|iPhoneSimulator.ActiveCfg = Release|Any CPU
		{4F5491AC-79BC-4A52-A173-659153D89E47}.AppStore|iPhoneSimulator.Build.0 = Release|Any CPU
		{4F5491AC-79BC-4A52-A173-659153D89E47}.AppStore|iPhoneSimulator.Deploy.0 = Release|Any CPU
		{4F5491AC-79BC-4A52-A173-659153D89E47}.AppStore|x64.ActiveCfg = Release|x64
		{4F5491AC-79BC-4A52-A173-659153D89E47}.AppStore|x64.Build.0 = Release|x64
		{4F5491AC-79BC-4A52-A173-659153D89E47}.AppStore|x64.Deploy.0 = Release|x64
		{4F5491AC-79BC-4A52-A173-659153D89E47}.AppStore|x86.ActiveCfg = Release|x86
		{4F5491AC-79BC-4A52-A173-659153D89E47}.AppStore|x86.Build.0 = Release|x86
		{4F5491AC-79BC-4A52-A173-659153D89E47}.AppStore|x86.Deploy.0 = Release|x86
		{4F5491AC-79BC-4A52-A173-659153D89E47}.Debug|Any CPU.ActiveCfg = Debug|Any CPU
		{4F5491AC-79BC-4A52-A173-659153D89E47}.Debug|Any CPU.Build.0 = Debug|Any CPU
		{4F5491AC-79BC-4A52-A173-659153D89E47}.Debug|Any CPU.Deploy.0 = Debug|Any CPU
		{4F5491AC-79BC-4A52-A173-659153D89E47}.Debug|ARM.ActiveCfg = Debug|ARM
		{4F5491AC-79BC-4A52-A173-659153D89E47}.Debug|ARM.Build.0 = Debug|ARM
		{4F5491AC-79BC-4A52-A173-659153D89E47}.Debug|ARM.Deploy.0 = Debug|ARM
		{4F5491AC-79BC-4A52-A173-659153D89E47}.Debug|iPhone.ActiveCfg = Debug|Any CPU
		{4F5491AC-79BC-4A52-A173-659153D89E47}.Debug|iPhone.Build.0 = Debug|Any CPU
		{4F5491AC-79BC-4A52-A173-659153D89E47}.Debug|iPhone.Deploy.0 = Debug|Any CPU
		{4F5491AC-79BC-4A52-A173-659153D89E47}.Debug|iPhoneSimulator.ActiveCfg = Debug|Any CPU
		{4F5491AC-79BC-4A52-A173-659153D89E47}.Debug|iPhoneSimulator.Build.0 = Debug|Any CPU
		{4F5491AC-79BC-4A52-A173-659153D89E47}.Debug|iPhoneSimulator.Deploy.0 = Debug|Any CPU
		{4F5491AC-79BC-4A52-A173-659153D89E47}.Debug|x64.ActiveCfg = Debug|x64
		{4F5491AC-79BC-4A52-A173-659153D89E47}.Debug|x64.Build.0 = Debug|x64
		{4F5491AC-79BC-4A52-A173-659153D89E47}.Debug|x64.Deploy.0 = Debug|x64
		{4F5491AC-79BC-4A52-A173-659153D89E47}.Debug|x86.ActiveCfg = Debug|x86
		{4F5491AC-79BC-4A52-A173-659153D89E47}.Debug|x86.Build.0 = Debug|x86
		{4F5491AC-79BC-4A52-A173-659153D89E47}.Debug|x86.Deploy.0 = Debug|x86
		{4F5491AC-79BC-4A52-A173-659153D89E47}.Release|Any CPU.ActiveCfg = Release|Any CPU
		{4F5491AC-79BC-4A52-A173-659153D89E47}.Release|Any CPU.Build.0 = Release|Any CPU
		{4F5491AC-79BC-4A52-A173-659153D89E47}.Release|Any CPU.Deploy.0 = Release|Any CPU
		{4F5491AC-79BC-4A52-A173-659153D89E47}.Release|ARM.ActiveCfg = Release|ARM
		{4F5491AC-79BC-4A52-A173-659153D89E47}.Release|ARM.Build.0 = Release|ARM
		{4F5491AC-79BC-4A52-A173-659153D89E47}.Release|ARM.Deploy.0 = Release|ARM
		{4F5491AC-79BC-4A52-A173-659153D89E47}.Release|iPhone.ActiveCfg = Release|Any CPU
		{4F5491AC-79BC-4A52-A173-659153D89E47}.Release|iPhone.Build.0 = Release|Any CPU
		{4F5491AC-79BC-4A52-A173-659153D89E47}.Release|iPhone.Deploy.0 = Release|Any CPU
		{4F5491AC-79BC-4A52-A173-659153D89E47}.Release|iPhoneSimulator.ActiveCfg = Release|Any CPU
		{4F5491AC-79BC-4A52-A173-659153D89E47}.Release|iPhoneSimulator.Build.0 = Release|Any CPU
		{4F5491AC-79BC-4A52-A173-659153D89E47}.Release|iPhoneSimulator.Deploy.0 = Release|Any CPU
		{4F5491AC-79BC-4A52-A173-659153D89E47}.Release|x64.ActiveCfg = Release|x64
		{4F5491AC-79BC-4A52-A173-659153D89E47}.Release|x64.Build.0 = Release|x64
		{4F5491AC-79BC-4A52-A173-659153D89E47}.Release|x64.Deploy.0 = Release|x64
		{4F5491AC-79BC-4A52-A173-659153D89E47}.Release|x86.ActiveCfg = Release|x86
		{4F5491AC-79BC-4A52-A173-659153D89E47}.Release|x86.Build.0 = Release|x86
		{4F5491AC-79BC-4A52-A173-659153D89E47}.Release|x86.Deploy.0 = Release|x86
	EndGlobalSection
	GlobalSection(SolutionProperties) = preSolution
		HideSolutionNode = FALSE
	EndGlobalSection
EndGlobal
